
Microsoft Visual Studio Solution File, Format Version 12.00
# Visual Studio 15
VisualStudioVersion = 15.0.27703.1
MinimumVisualStudioVersion = 10.0.40219.1
Project("{FAE04EC0-301F-11D3-BF4B-00C04F79EFBC}") = "HomeWork", "HomeWork\HomeWork.csproj", "{9696E1E8-A217-4F0B-871B-61CA4995A5DB}"
EndProject
Global
	GlobalSection(SolutionConfigurationPlatforms) = preSolution
		Debug|Any CPU = Debug|Any CPU
		Release|Any CPU = Release|Any CPU
	EndGlobalSection
	GlobalSection(ProjectConfigurationPlatforms) = postSolution
		{9696E1E8-A217-4F0B-871B-61CA4995A5DB}.Debug|Any CPU.ActiveCfg = Debug|Any CPU
		{9696E1E8-A217-4F0B-871B-61CA4995A5DB}.Debug|Any CPU.Build.0 = Debug|Any CPU
		{9696E1E8-A217-4F0B-871B-61CA4995A5DB}.Release|Any CPU.ActiveCfg = Release|Any CPU
		{9696E1E8-A217-4F0B-871B-61CA4995A5DB}.Release|Any CPU.Build.0 = Release|Any CPU
	EndGlobalSection
	GlobalSection(SolutionProperties) = preSolution
		HideSolutionNode = FALSE
	EndGlobalSection
	GlobalSection(ExtensibilityGlobals) = postSolution
		SolutionGuid = {6F5811EC-0254-4AAA-BE1C-3BB35ADB047F}
	EndGlobalSection
EndGlobal
