
Microsoft Visual Studio Solution File, Format Version 12.00
# Visual Studio 15
VisualStudioVersion = 15.0.27703.1
MinimumVisualStudioVersion = 10.0.40219.1
Project("{FAE04EC0-301F-11D3-BF4B-00C04F79EFBC}") = "L03_Task02", "Lesson03\Task02\L03_Task02.csproj", "{6EC51F46-0E52-4282-BBF7-B222BD359F56}"
EndProject
Project("{FAE04EC0-301F-11D3-BF4B-00C04F79EFBC}") = "L03_Task03", "Lesson03\Task03\L03_Task03.csproj", "{E13876D4-F5EC-487C-8C89-0D852D95283C}"
EndProject
Project("{FAE04EC0-301F-11D3-BF4B-00C04F79EFBC}") = "L03_Task04", "Lesson03\Task04\L03_Task04.csproj", "{12CFF3B0-FC88-41C5-9797-98066D441D07}"
EndProject
Project("{FAE04EC0-301F-11D3-BF4B-00C04F79EFBC}") = "L03_TaskAdd01", "Lesson03\TaskAdd01\L03_TaskAdd01.csproj", "{76627323-ADD8-42A7-A91E-2A11ED848688}"
EndProject
Project("{FAE04EC0-301F-11D3-BF4B-00C04F79EFBC}") = "L02_Task02", "Lesson02\02_Task02\L02_Task02.csproj", "{B168C524-5D1E-428A-B774-D58CDEA04467}"
EndProject
Project("{FAE04EC0-301F-11D3-BF4B-00C04F79EFBC}") = "L02_Task03", "Lesson02\L02_Task03\L02_Task03.csproj", "{559A65C0-2276-4FBB-8704-F14D514065B4}"
EndProject
Project("{FAE04EC0-301F-11D3-BF4B-00C04F79EFBC}") = "L02_Task04", "Lesson02\L02_Task04\L02_Task04.csproj", "{E7B4EDBD-3280-4F3C-9368-8EE06C02E3B8}"
EndProject
Project("{FAE04EC0-301F-11D3-BF4B-00C04F79EFBC}") = "L02_TaskAdd01", "Lesson02\L02_TaskAdd01\L02_TaskAdd01.csproj", "{A5E81D81-4B4D-4D88-90F4-696BBA2B7F9E}"
EndProject
Project("{FAE04EC0-301F-11D3-BF4B-00C04F79EFBC}") = "L01_Task02", "Lesson01\L01_Task02\L01_Task02.csproj", "{B73E994F-0E8B-477C-87C0-D71292CF1B13}"
EndProject
Project("{FAE04EC0-301F-11D3-BF4B-00C04F79EFBC}") = "L01_Task03", "Lesson01\L01_Task03\L01_Task03.csproj", "{907B6336-B133-4B06-BFCD-7A33D260F065}"
EndProject
Project("{FAE04EC0-301F-11D3-BF4B-00C04F79EFBC}") = "L01_Task04", "Lesson01\L01_Task04\L01_Task04.csproj", "{1B498E8E-16FC-4E88-BF10-34F9CE81B082}"
EndProject
Project("{FAE04EC0-301F-11D3-BF4B-00C04F79EFBC}") = "L01_TaskAdd01", "Lesson01\L01_TaskAdd01\L01_TaskAdd01.csproj", "{4D3A8872-9958-476F-9C9A-21FDA42AD920}"
EndProject
Project("{FAE04EC0-301F-11D3-BF4B-00C04F79EFBC}") = "L04_Task02", "Lesson04\L04_Task02\L04_Task02.csproj", "{B720F5FE-6981-47F9-96A9-154D568764F3}"
EndProject
Project("{FAE04EC0-301F-11D3-BF4B-00C04F79EFBC}") = "L04_Task03", "Lesson04\L04_Task03\L04_Task03.csproj", "{E007DF3C-C3BD-4932-8F32-972EE8CB3572}"
EndProject
Project("{FAE04EC0-301F-11D3-BF4B-00C04F79EFBC}") = "L04_TaskAdd01", "Lesson04\L04_TaskAdd01\L04_TaskAdd01.csproj", "{AA0AF595-D2FA-4290-BF9B-296A043A032C}"
EndProject
Project("{FAE04EC0-301F-11D3-BF4B-00C04F79EFBC}") = "L05_Task02", "Lesson05\L05_Task02\L05_Task02.csproj", "{D0A768DC-F7C1-4ECF-8A54-CEB990FD996E}"
EndProject
Project("{FAE04EC0-301F-11D3-BF4B-00C04F79EFBC}") = "L05_Task03", "Lesson05\L05_Task03\L05_Task03.csproj", "{41516801-7EBD-4665-A69E-C1FC531AEB5C}"
EndProject
Project("{FAE04EC0-301F-11D3-BF4B-00C04F79EFBC}") = "L06_Task02", "Lesson06\L06_Task02\L06_Task02.csproj", "{F2E1C84C-E791-45C8-AE58-A7D47AA57D30}"
EndProject
Project("{FAE04EC0-301F-11D3-BF4B-00C04F79EFBC}") = "L06_Task03", "Lesson06\L06_Task03\L06_Task03.csproj", "{A3F8ECE1-2CC8-4921-BD94-45363220C6FF}"
EndProject
Project("{FAE04EC0-301F-11D3-BF4B-00C04F79EFBC}") = "L06_Task04", "Lesson06\L06_Task04\L06_Task04.csproj", "{738C0B6D-B931-4699-A3A6-6919DE84C7D6}"
EndProject
Project("{FAE04EC0-301F-11D3-BF4B-00C04F79EFBC}") = "L06_TaskAdd01", "Lesson06\L06_TaskAdd01\L06_TaskAdd01.csproj", "{9AD40E54-7412-407B-A12A-9BD547E474C0}"
EndProject
Project("{FAE04EC0-301F-11D3-BF4B-00C04F79EFBC}") = "L05_Task04", "Lesson05\L05_Task04\L05_Task04.csproj", "{04F34BC9-CB99-483A-95B2-9BA7E03C527B}"
EndProject
Project("{FAE04EC0-301F-11D3-BF4B-00C04F79EFBC}") = "L05_TaskAdd01", "Lesson05\L05_TaskAdd01\L05_TaskAdd01.csproj", "{7FE9F05E-5D3C-4FB5-8CF7-CC07DC1F8165}"
EndProject
Project("{FAE04EC0-301F-11D3-BF4B-00C04F79EFBC}") = "L07_Task02", "Lesson07\L07_Task02\L07_Task02.csproj", "{C0A7AF38-49EC-4B91-94CE-C19521930380}"
EndProject
Project("{FAE04EC0-301F-11D3-BF4B-00C04F79EFBC}") = "L07_Task03", "Lesson07\L07_Task03\L07_Task03.csproj", "{64AF6484-4EB1-4495-B2F5-0533CBB15000}"
EndProject
Project("{FAE04EC0-301F-11D3-BF4B-00C04F79EFBC}") = "L07_TaskAdd01", "Lesson07\L07_TaskAdd01\L07_TaskAdd01.csproj", "{77BCDD99-BA05-44A0-AC50-B1EAD310D521}"
EndProject
Project("{FAE04EC0-301F-11D3-BF4B-00C04F79EFBC}") = "L07_TaskAdd02", "Lesson07\L07_TaskAdd02\L07_TaskAdd02.csproj", "{6463A922-D0EA-4340-A684-FA04CCD288BC}"
EndProject
Project("{FAE04EC0-301F-11D3-BF4B-00C04F79EFBC}") = "L08_Task02", "Lesson08\L08_Task02\L08_Task02.csproj", "{DC93FE67-33EC-41D6-91DD-B663DECB3BE5}"
EndProject
Project("{FAE04EC0-301F-11D3-BF4B-00C04F79EFBC}") = "L08_Task03", "Lesson08\L08_Task03\L08_Task03.csproj", "{B0093FC9-ECDF-496A-9563-6BE007F41A1E}"
EndProject
Project("{FAE04EC0-301F-11D3-BF4B-00C04F79EFBC}") = "L08_TaskAdd01", "Lesson08\L08_TaskAdd01\L08_TaskAdd01.csproj", "{7346735C-97A2-4408-8931-2B0A607E4038}"
EndProject
Project("{FAE04EC0-301F-11D3-BF4B-00C04F79EFBC}") = "L10_Task02", "Lesson10\L10_Task02\L10_Task02.csproj", "{26140187-D578-4EAD-9634-CE532E2CDA9B}"
EndProject
Project("{FAE04EC0-301F-11D3-BF4B-00C04F79EFBC}") = "L10_Task03", "Lesson10\L10_Task03\L10_Task03.csproj", "{744C7186-74FF-4934-8E44-87DAF97A933F}"
EndProject
Project("{FAE04EC0-301F-11D3-BF4B-00C04F79EFBC}") = "L10_Task04", "Lesson10\L10_Task04\L10_Task04.csproj", "{38063B49-1DA7-43D2-AE92-2DF7E49390DD}"
EndProject
Project("{FAE04EC0-301F-11D3-BF4B-00C04F79EFBC}") = "L10_TaskAdd01", "Lesson10\L10_TaskAdd01\L10_TaskAdd01.csproj", "{717A1F4B-60B2-42F3-A3D8-3B61BA38C9F7}"
EndProject
Project("{FAE04EC0-301F-11D3-BF4B-00C04F79EFBC}") = "L11_TaskAdd01", "Lesson11\L11_TaskAdd01\L11_TaskAdd01.csproj", "{1F2AB7BB-64B8-4051-B7F9-698C0396746D}"
EndProject
Project("{FAE04EC0-301F-11D3-BF4B-00C04F79EFBC}") = "L11_Task03", "Lesson11\L11_Task03\L11_Task03.csproj", "{503B4391-7CC5-4265-84F1-9D76DBDC1EE8}"
EndProject
Project("{FAE04EC0-301F-11D3-BF4B-00C04F79EFBC}") = "L11_Task02", "Lesson11\L11_Task02\L11_Task02.csproj", "{79F74719-A556-410B-B398-53551014782C}"
EndProject
Project("{FAE04EC0-301F-11D3-BF4B-00C04F79EFBC}") = "L11_Task04", "Lesson11\L11_Task04\L11_Task04.csproj", "{A0F02FBE-CC97-4A26-98DA-13C430A85999}"
EndProject
Project("{FAE04EC0-301F-11D3-BF4B-00C04F79EFBC}") = "L09_TaskAdd01", "Lesson09\L09_TaskAdd01\L09_TaskAdd01.csproj", "{207BB122-8E80-4385-BAC6-D10F996AA14E}"
EndProject
Project("{FAE04EC0-301F-11D3-BF4B-00C04F79EFBC}") = "L09_Task03", "Lesson09\L09_Task03\L09_Task03.csproj", "{9E14549E-AEE4-46E5-B421-908E26741085}"
EndProject
Project("{FAE04EC0-301F-11D3-BF4B-00C04F79EFBC}") = "L09_Task02", "Lesson09\L09_Task02\L09_Task02.csproj", "{3E04FFDB-E034-438F-BAD2-CF11856B0EDB}"
EndProject
Project("{FAE04EC0-301F-11D3-BF4B-00C04F79EFBC}") = "L12_TaskAdd01", "Lesson12\L12_TaskAdd01\MVP\L12_TaskAdd01.csproj", "{E8A009FB-22DE-4AD6-B35A-1320B1DAB2B0}"
EndProject
Project("{FAE04EC0-301F-11D3-BF4B-00C04F79EFBC}") = "L12_Task03", "Lesson12\L12_Task03\L12_Task03.csproj", "{6BFDA303-34C4-4512-B64B-347CDA820ED1}"
EndProject
Project("{FAE04EC0-301F-11D3-BF4B-00C04F79EFBC}") = "L13_Task01", "Lesson13\L13_Task01\L13_Task01.csproj", "{3C9099CF-F4F1-4E5A-A9C9-BFBFBCC71386}"
EndProject
Project("{FAE04EC0-301F-11D3-BF4B-00C04F79EFBC}") = "L15_Task02", "Lesson15\L15_Task02\L15_Task02.csproj", "{089CFFA1-BEC2-40FE-B1EB-C175206ED105}"
EndProject
Project("{FAE04EC0-301F-11D3-BF4B-00C04F79EFBC}") = "L15_Task03", "Lesson15\L15_Task03\L15_Task03.csproj", "{A9DFEEE2-B86A-444E-8D87-DA894E3250BB}"
EndProject
Project("{FAE04EC0-301F-11D3-BF4B-00C04F79EFBC}") = "L15_TaskAdd01", "Lesson15\L15_TaskAdd01\L15_TaskAdd01.csproj", "{FFF04D06-D775-43F9-BC30-79BFDD0D3A34}"
EndProject
Project("{FAE04EC0-301F-11D3-BF4B-00C04F79EFBC}") = "L16_Task02", "Lesson16\L16_Task02\L16_Task02.csproj", "{0CC5DDC9-938F-442C-9B42-509A93DA3A7D}"
EndProject
Project("{FAE04EC0-301F-11D3-BF4B-00C04F79EFBC}") = "L16_Task03", "Lesson16\L16_Task03\L16_Task03.csproj", "{2F65117C-8EE7-4756-A029-F8FC8CAEA164}"
EndProject
Project("{FAE04EC0-301F-11D3-BF4B-00C04F79EFBC}") = "L16_TaskAdd01", "Lesson16\L16_TaskAdd01\L16_TaskAdd01.csproj", "{447DBA57-78DE-418F-9378-BAE6ECE31B9D}"
EndProject
Project("{FAE04EC0-301F-11D3-BF4B-00C04F79EFBC}") = "L16_Task04", "Lesson16\L16_Task04\L16_Task04.csproj", "{5398BF26-5EB7-4CB3-977C-890850D3BC99}"
EndProject
Project("{FAE04EC0-301F-11D3-BF4B-00C04F79EFBC}") = "L14_TaskAdd01", "Lesson14\L14_TaskAdd01\L14_TaskAdd01.csproj", "{2F12CAA0-E4EC-4DBC-906B-3DA19EA24A08}"
EndProject
Project("{FAE04EC0-301F-11D3-BF4B-00C04F79EFBC}") = "L14_Task02", "Lesson14\L14_Task02\L14_Task02.csproj", "{6D32BDD5-B9DC-45E4-B003-C053A97C2050}"
EndProject
Project("{FAE04EC0-301F-11D3-BF4B-00C04F79EFBC}") = "L14_Task03", "Lesson14\L14_Task03\L14_Task03.csproj", "{C449A323-DC10-4B9E-8CBE-7F20CE7A791A}"
EndProject
Project("{FAE04EC0-301F-11D3-BF4B-00C04F79EFBC}") = "L14_Task04", "Lesson14\L14_Task04\L14_Task04.csproj", "{D8B61521-D48C-45F2-B0C6-C53B0EDEE6BD}"
EndProject
Project("{FAE04EC0-301F-11D3-BF4B-00C04F79EFBC}") = "L17_Task02", "Lesson17\L17_Task02\L17_Task02.csproj", "{5A9745AD-8479-436A-A5BE-23DE67145AB2}"
EndProject
Project("{FAE04EC0-301F-11D3-BF4B-00C04F79EFBC}") = "L17_Task03", "Lesson17\L17_Task03\L17_Task03.csproj", "{048BF2C3-F5F2-42A2-A2A3-2C0C0AC70E52}"
EndProject
Project("{FAE04EC0-301F-11D3-BF4B-00C04F79EFBC}") = "L17_TaskAdd01", "L17_TaskAdd01\L17_TaskAdd01.csproj", "{66181F5F-F3A0-46CF-B151-9F3A9C0997AC}"
EndProject
Project("{FAE04EC0-301F-11D3-BF4B-00C04F79EFBC}") = "L12_Task04", "Lesson12\L12_Task04\L12_Task04\L12_Task04.csproj", "{CABECBBF-D20A-4876-A90B-3F801D6FE640}"
EndProject
Project("{FAE04EC0-301F-11D3-BF4B-00C04F79EFBC}") = "L18_TaskAd01", "Lesson18\L18_TaskAd01\L18_TaskAd01.csproj", "{475AEDF7-F637-4F02-8BB3-96AACAD963B2}"
EndProject
Project("{FAE04EC0-301F-11D3-BF4B-00C04F79EFBC}") = "L18_Task01", "Lesson18\L18_Task01\L18_Task01.csproj", "{069008F2-C6E5-4C46-A4D0-A7EBDE211536}"
EndProject
Project("{FAE04EC0-301F-11D3-BF4B-00C04F79EFBC}") = "L18_Task02", "Lesson18\L18_Task02\L18_Task02.csproj", "{CF710D4E-C638-47B2-BB6F-2D02D761D708}"
EndProject
Project("{FAE04EC0-301F-11D3-BF4B-00C04F79EFBC}") = "L18_Task02Lib", "Lesson18\L18_Task02Lib\L18_Task02Lib.csproj", "{583A7B0C-E488-4328-B2CC-96CC0CB6CBA1}"
EndProject
Global
	GlobalSection(SolutionConfigurationPlatforms) = preSolution
		Debug|Any CPU = Debug|Any CPU
		Debug|x86 = Debug|x86
		Release|Any CPU = Release|Any CPU
		Release|x86 = Release|x86
	EndGlobalSection
	GlobalSection(ProjectConfigurationPlatforms) = postSolution
		{6EC51F46-0E52-4282-BBF7-B222BD359F56}.Debug|Any CPU.ActiveCfg = Debug|Any CPU
		{6EC51F46-0E52-4282-BBF7-B222BD359F56}.Debug|Any CPU.Build.0 = Debug|Any CPU
		{6EC51F46-0E52-4282-BBF7-B222BD359F56}.Debug|x86.ActiveCfg = Debug|Any CPU
		{6EC51F46-0E52-4282-BBF7-B222BD359F56}.Debug|x86.Build.0 = Debug|Any CPU
		{6EC51F46-0E52-4282-BBF7-B222BD359F56}.Release|Any CPU.ActiveCfg = Release|Any CPU
		{6EC51F46-0E52-4282-BBF7-B222BD359F56}.Release|Any CPU.Build.0 = Release|Any CPU
		{6EC51F46-0E52-4282-BBF7-B222BD359F56}.Release|x86.ActiveCfg = Release|Any CPU
		{6EC51F46-0E52-4282-BBF7-B222BD359F56}.Release|x86.Build.0 = Release|Any CPU
		{E13876D4-F5EC-487C-8C89-0D852D95283C}.Debug|Any CPU.ActiveCfg = Debug|Any CPU
		{E13876D4-F5EC-487C-8C89-0D852D95283C}.Debug|Any CPU.Build.0 = Debug|Any CPU
		{E13876D4-F5EC-487C-8C89-0D852D95283C}.Debug|x86.ActiveCfg = Debug|Any CPU
		{E13876D4-F5EC-487C-8C89-0D852D95283C}.Debug|x86.Build.0 = Debug|Any CPU
		{E13876D4-F5EC-487C-8C89-0D852D95283C}.Release|Any CPU.ActiveCfg = Release|Any CPU
		{E13876D4-F5EC-487C-8C89-0D852D95283C}.Release|Any CPU.Build.0 = Release|Any CPU
		{E13876D4-F5EC-487C-8C89-0D852D95283C}.Release|x86.ActiveCfg = Release|Any CPU
		{E13876D4-F5EC-487C-8C89-0D852D95283C}.Release|x86.Build.0 = Release|Any CPU
		{12CFF3B0-FC88-41C5-9797-98066D441D07}.Debug|Any CPU.ActiveCfg = Debug|Any CPU
		{12CFF3B0-FC88-41C5-9797-98066D441D07}.Debug|Any CPU.Build.0 = Debug|Any CPU
		{12CFF3B0-FC88-41C5-9797-98066D441D07}.Debug|x86.ActiveCfg = Debug|Any CPU
		{12CFF3B0-FC88-41C5-9797-98066D441D07}.Debug|x86.Build.0 = Debug|Any CPU
		{12CFF3B0-FC88-41C5-9797-98066D441D07}.Release|Any CPU.ActiveCfg = Release|Any CPU
		{12CFF3B0-FC88-41C5-9797-98066D441D07}.Release|Any CPU.Build.0 = Release|Any CPU
		{12CFF3B0-FC88-41C5-9797-98066D441D07}.Release|x86.ActiveCfg = Release|Any CPU
		{12CFF3B0-FC88-41C5-9797-98066D441D07}.Release|x86.Build.0 = Release|Any CPU
		{76627323-ADD8-42A7-A91E-2A11ED848688}.Debug|Any CPU.ActiveCfg = Debug|Any CPU
		{76627323-ADD8-42A7-A91E-2A11ED848688}.Debug|Any CPU.Build.0 = Debug|Any CPU
		{76627323-ADD8-42A7-A91E-2A11ED848688}.Debug|x86.ActiveCfg = Debug|Any CPU
		{76627323-ADD8-42A7-A91E-2A11ED848688}.Debug|x86.Build.0 = Debug|Any CPU
		{76627323-ADD8-42A7-A91E-2A11ED848688}.Release|Any CPU.ActiveCfg = Release|Any CPU
		{76627323-ADD8-42A7-A91E-2A11ED848688}.Release|Any CPU.Build.0 = Release|Any CPU
		{76627323-ADD8-42A7-A91E-2A11ED848688}.Release|x86.ActiveCfg = Release|Any CPU
		{76627323-ADD8-42A7-A91E-2A11ED848688}.Release|x86.Build.0 = Release|Any CPU
		{B168C524-5D1E-428A-B774-D58CDEA04467}.Debug|Any CPU.ActiveCfg = Debug|Any CPU
		{B168C524-5D1E-428A-B774-D58CDEA04467}.Debug|Any CPU.Build.0 = Debug|Any CPU
		{B168C524-5D1E-428A-B774-D58CDEA04467}.Debug|x86.ActiveCfg = Debug|Any CPU
		{B168C524-5D1E-428A-B774-D58CDEA04467}.Debug|x86.Build.0 = Debug|Any CPU
		{B168C524-5D1E-428A-B774-D58CDEA04467}.Release|Any CPU.ActiveCfg = Release|Any CPU
		{B168C524-5D1E-428A-B774-D58CDEA04467}.Release|Any CPU.Build.0 = Release|Any CPU
		{B168C524-5D1E-428A-B774-D58CDEA04467}.Release|x86.ActiveCfg = Release|Any CPU
		{B168C524-5D1E-428A-B774-D58CDEA04467}.Release|x86.Build.0 = Release|Any CPU
		{559A65C0-2276-4FBB-8704-F14D514065B4}.Debug|Any CPU.ActiveCfg = Debug|Any CPU
		{559A65C0-2276-4FBB-8704-F14D514065B4}.Debug|Any CPU.Build.0 = Debug|Any CPU
		{559A65C0-2276-4FBB-8704-F14D514065B4}.Debug|x86.ActiveCfg = Debug|Any CPU
		{559A65C0-2276-4FBB-8704-F14D514065B4}.Debug|x86.Build.0 = Debug|Any CPU
		{559A65C0-2276-4FBB-8704-F14D514065B4}.Release|Any CPU.ActiveCfg = Release|Any CPU
		{559A65C0-2276-4FBB-8704-F14D514065B4}.Release|Any CPU.Build.0 = Release|Any CPU
		{559A65C0-2276-4FBB-8704-F14D514065B4}.Release|x86.ActiveCfg = Release|Any CPU
		{559A65C0-2276-4FBB-8704-F14D514065B4}.Release|x86.Build.0 = Release|Any CPU
		{E7B4EDBD-3280-4F3C-9368-8EE06C02E3B8}.Debug|Any CPU.ActiveCfg = Debug|Any CPU
		{E7B4EDBD-3280-4F3C-9368-8EE06C02E3B8}.Debug|Any CPU.Build.0 = Debug|Any CPU
		{E7B4EDBD-3280-4F3C-9368-8EE06C02E3B8}.Debug|x86.ActiveCfg = Debug|Any CPU
		{E7B4EDBD-3280-4F3C-9368-8EE06C02E3B8}.Debug|x86.Build.0 = Debug|Any CPU
		{E7B4EDBD-3280-4F3C-9368-8EE06C02E3B8}.Release|Any CPU.ActiveCfg = Release|Any CPU
		{E7B4EDBD-3280-4F3C-9368-8EE06C02E3B8}.Release|Any CPU.Build.0 = Release|Any CPU
		{E7B4EDBD-3280-4F3C-9368-8EE06C02E3B8}.Release|x86.ActiveCfg = Release|Any CPU
		{E7B4EDBD-3280-4F3C-9368-8EE06C02E3B8}.Release|x86.Build.0 = Release|Any CPU
		{A5E81D81-4B4D-4D88-90F4-696BBA2B7F9E}.Debug|Any CPU.ActiveCfg = Debug|Any CPU
		{A5E81D81-4B4D-4D88-90F4-696BBA2B7F9E}.Debug|Any CPU.Build.0 = Debug|Any CPU
		{A5E81D81-4B4D-4D88-90F4-696BBA2B7F9E}.Debug|x86.ActiveCfg = Debug|Any CPU
		{A5E81D81-4B4D-4D88-90F4-696BBA2B7F9E}.Debug|x86.Build.0 = Debug|Any CPU
		{A5E81D81-4B4D-4D88-90F4-696BBA2B7F9E}.Release|Any CPU.ActiveCfg = Release|Any CPU
		{A5E81D81-4B4D-4D88-90F4-696BBA2B7F9E}.Release|Any CPU.Build.0 = Release|Any CPU
		{A5E81D81-4B4D-4D88-90F4-696BBA2B7F9E}.Release|x86.ActiveCfg = Release|Any CPU
		{A5E81D81-4B4D-4D88-90F4-696BBA2B7F9E}.Release|x86.Build.0 = Release|Any CPU
		{B73E994F-0E8B-477C-87C0-D71292CF1B13}.Debug|Any CPU.ActiveCfg = Debug|Any CPU
		{B73E994F-0E8B-477C-87C0-D71292CF1B13}.Debug|Any CPU.Build.0 = Debug|Any CPU
		{B73E994F-0E8B-477C-87C0-D71292CF1B13}.Debug|x86.ActiveCfg = Debug|Any CPU
		{B73E994F-0E8B-477C-87C0-D71292CF1B13}.Debug|x86.Build.0 = Debug|Any CPU
		{B73E994F-0E8B-477C-87C0-D71292CF1B13}.Release|Any CPU.ActiveCfg = Release|Any CPU
		{B73E994F-0E8B-477C-87C0-D71292CF1B13}.Release|Any CPU.Build.0 = Release|Any CPU
		{B73E994F-0E8B-477C-87C0-D71292CF1B13}.Release|x86.ActiveCfg = Release|Any CPU
		{B73E994F-0E8B-477C-87C0-D71292CF1B13}.Release|x86.Build.0 = Release|Any CPU
		{907B6336-B133-4B06-BFCD-7A33D260F065}.Debug|Any CPU.ActiveCfg = Debug|Any CPU
		{907B6336-B133-4B06-BFCD-7A33D260F065}.Debug|Any CPU.Build.0 = Debug|Any CPU
		{907B6336-B133-4B06-BFCD-7A33D260F065}.Debug|x86.ActiveCfg = Debug|Any CPU
		{907B6336-B133-4B06-BFCD-7A33D260F065}.Debug|x86.Build.0 = Debug|Any CPU
		{907B6336-B133-4B06-BFCD-7A33D260F065}.Release|Any CPU.ActiveCfg = Release|Any CPU
		{907B6336-B133-4B06-BFCD-7A33D260F065}.Release|Any CPU.Build.0 = Release|Any CPU
		{907B6336-B133-4B06-BFCD-7A33D260F065}.Release|x86.ActiveCfg = Release|Any CPU
		{907B6336-B133-4B06-BFCD-7A33D260F065}.Release|x86.Build.0 = Release|Any CPU
		{1B498E8E-16FC-4E88-BF10-34F9CE81B082}.Debug|Any CPU.ActiveCfg = Debug|Any CPU
		{1B498E8E-16FC-4E88-BF10-34F9CE81B082}.Debug|Any CPU.Build.0 = Debug|Any CPU
		{1B498E8E-16FC-4E88-BF10-34F9CE81B082}.Debug|x86.ActiveCfg = Debug|Any CPU
		{1B498E8E-16FC-4E88-BF10-34F9CE81B082}.Debug|x86.Build.0 = Debug|Any CPU
		{1B498E8E-16FC-4E88-BF10-34F9CE81B082}.Release|Any CPU.ActiveCfg = Release|Any CPU
		{1B498E8E-16FC-4E88-BF10-34F9CE81B082}.Release|Any CPU.Build.0 = Release|Any CPU
		{1B498E8E-16FC-4E88-BF10-34F9CE81B082}.Release|x86.ActiveCfg = Release|Any CPU
		{1B498E8E-16FC-4E88-BF10-34F9CE81B082}.Release|x86.Build.0 = Release|Any CPU
		{4D3A8872-9958-476F-9C9A-21FDA42AD920}.Debug|Any CPU.ActiveCfg = Debug|Any CPU
		{4D3A8872-9958-476F-9C9A-21FDA42AD920}.Debug|Any CPU.Build.0 = Debug|Any CPU
		{4D3A8872-9958-476F-9C9A-21FDA42AD920}.Debug|x86.ActiveCfg = Debug|Any CPU
		{4D3A8872-9958-476F-9C9A-21FDA42AD920}.Debug|x86.Build.0 = Debug|Any CPU
		{4D3A8872-9958-476F-9C9A-21FDA42AD920}.Release|Any CPU.ActiveCfg = Release|Any CPU
		{4D3A8872-9958-476F-9C9A-21FDA42AD920}.Release|Any CPU.Build.0 = Release|Any CPU
		{4D3A8872-9958-476F-9C9A-21FDA42AD920}.Release|x86.ActiveCfg = Release|Any CPU
		{4D3A8872-9958-476F-9C9A-21FDA42AD920}.Release|x86.Build.0 = Release|Any CPU
		{B720F5FE-6981-47F9-96A9-154D568764F3}.Debug|Any CPU.ActiveCfg = Debug|Any CPU
		{B720F5FE-6981-47F9-96A9-154D568764F3}.Debug|Any CPU.Build.0 = Debug|Any CPU
		{B720F5FE-6981-47F9-96A9-154D568764F3}.Debug|x86.ActiveCfg = Debug|Any CPU
		{B720F5FE-6981-47F9-96A9-154D568764F3}.Debug|x86.Build.0 = Debug|Any CPU
		{B720F5FE-6981-47F9-96A9-154D568764F3}.Release|Any CPU.ActiveCfg = Release|Any CPU
		{B720F5FE-6981-47F9-96A9-154D568764F3}.Release|Any CPU.Build.0 = Release|Any CPU
		{B720F5FE-6981-47F9-96A9-154D568764F3}.Release|x86.ActiveCfg = Release|Any CPU
		{B720F5FE-6981-47F9-96A9-154D568764F3}.Release|x86.Build.0 = Release|Any CPU
		{E007DF3C-C3BD-4932-8F32-972EE8CB3572}.Debug|Any CPU.ActiveCfg = Debug|Any CPU
		{E007DF3C-C3BD-4932-8F32-972EE8CB3572}.Debug|Any CPU.Build.0 = Debug|Any CPU
		{E007DF3C-C3BD-4932-8F32-972EE8CB3572}.Debug|x86.ActiveCfg = Debug|Any CPU
		{E007DF3C-C3BD-4932-8F32-972EE8CB3572}.Debug|x86.Build.0 = Debug|Any CPU
		{E007DF3C-C3BD-4932-8F32-972EE8CB3572}.Release|Any CPU.ActiveCfg = Release|Any CPU
		{E007DF3C-C3BD-4932-8F32-972EE8CB3572}.Release|Any CPU.Build.0 = Release|Any CPU
		{E007DF3C-C3BD-4932-8F32-972EE8CB3572}.Release|x86.ActiveCfg = Release|Any CPU
		{E007DF3C-C3BD-4932-8F32-972EE8CB3572}.Release|x86.Build.0 = Release|Any CPU
		{AA0AF595-D2FA-4290-BF9B-296A043A032C}.Debug|Any CPU.ActiveCfg = Debug|Any CPU
		{AA0AF595-D2FA-4290-BF9B-296A043A032C}.Debug|Any CPU.Build.0 = Debug|Any CPU
		{AA0AF595-D2FA-4290-BF9B-296A043A032C}.Debug|x86.ActiveCfg = Debug|Any CPU
		{AA0AF595-D2FA-4290-BF9B-296A043A032C}.Debug|x86.Build.0 = Debug|Any CPU
		{AA0AF595-D2FA-4290-BF9B-296A043A032C}.Release|Any CPU.ActiveCfg = Release|Any CPU
		{AA0AF595-D2FA-4290-BF9B-296A043A032C}.Release|Any CPU.Build.0 = Release|Any CPU
		{AA0AF595-D2FA-4290-BF9B-296A043A032C}.Release|x86.ActiveCfg = Release|Any CPU
		{AA0AF595-D2FA-4290-BF9B-296A043A032C}.Release|x86.Build.0 = Release|Any CPU
		{D0A768DC-F7C1-4ECF-8A54-CEB990FD996E}.Debug|Any CPU.ActiveCfg = Debug|Any CPU
		{D0A768DC-F7C1-4ECF-8A54-CEB990FD996E}.Debug|Any CPU.Build.0 = Debug|Any CPU
		{D0A768DC-F7C1-4ECF-8A54-CEB990FD996E}.Debug|x86.ActiveCfg = Debug|Any CPU
		{D0A768DC-F7C1-4ECF-8A54-CEB990FD996E}.Debug|x86.Build.0 = Debug|Any CPU
		{D0A768DC-F7C1-4ECF-8A54-CEB990FD996E}.Release|Any CPU.ActiveCfg = Release|Any CPU
		{D0A768DC-F7C1-4ECF-8A54-CEB990FD996E}.Release|Any CPU.Build.0 = Release|Any CPU
		{D0A768DC-F7C1-4ECF-8A54-CEB990FD996E}.Release|x86.ActiveCfg = Release|Any CPU
		{D0A768DC-F7C1-4ECF-8A54-CEB990FD996E}.Release|x86.Build.0 = Release|Any CPU
		{41516801-7EBD-4665-A69E-C1FC531AEB5C}.Debug|Any CPU.ActiveCfg = Debug|Any CPU
		{41516801-7EBD-4665-A69E-C1FC531AEB5C}.Debug|Any CPU.Build.0 = Debug|Any CPU
		{41516801-7EBD-4665-A69E-C1FC531AEB5C}.Debug|x86.ActiveCfg = Debug|Any CPU
		{41516801-7EBD-4665-A69E-C1FC531AEB5C}.Debug|x86.Build.0 = Debug|Any CPU
		{41516801-7EBD-4665-A69E-C1FC531AEB5C}.Release|Any CPU.ActiveCfg = Release|Any CPU
		{41516801-7EBD-4665-A69E-C1FC531AEB5C}.Release|Any CPU.Build.0 = Release|Any CPU
		{41516801-7EBD-4665-A69E-C1FC531AEB5C}.Release|x86.ActiveCfg = Release|Any CPU
		{41516801-7EBD-4665-A69E-C1FC531AEB5C}.Release|x86.Build.0 = Release|Any CPU
		{F2E1C84C-E791-45C8-AE58-A7D47AA57D30}.Debug|Any CPU.ActiveCfg = Debug|Any CPU
		{F2E1C84C-E791-45C8-AE58-A7D47AA57D30}.Debug|Any CPU.Build.0 = Debug|Any CPU
		{F2E1C84C-E791-45C8-AE58-A7D47AA57D30}.Debug|x86.ActiveCfg = Debug|Any CPU
		{F2E1C84C-E791-45C8-AE58-A7D47AA57D30}.Debug|x86.Build.0 = Debug|Any CPU
		{F2E1C84C-E791-45C8-AE58-A7D47AA57D30}.Release|Any CPU.ActiveCfg = Release|Any CPU
		{F2E1C84C-E791-45C8-AE58-A7D47AA57D30}.Release|Any CPU.Build.0 = Release|Any CPU
		{F2E1C84C-E791-45C8-AE58-A7D47AA57D30}.Release|x86.ActiveCfg = Release|Any CPU
		{F2E1C84C-E791-45C8-AE58-A7D47AA57D30}.Release|x86.Build.0 = Release|Any CPU
		{A3F8ECE1-2CC8-4921-BD94-45363220C6FF}.Debug|Any CPU.ActiveCfg = Debug|Any CPU
		{A3F8ECE1-2CC8-4921-BD94-45363220C6FF}.Debug|Any CPU.Build.0 = Debug|Any CPU
		{A3F8ECE1-2CC8-4921-BD94-45363220C6FF}.Debug|x86.ActiveCfg = Debug|Any CPU
		{A3F8ECE1-2CC8-4921-BD94-45363220C6FF}.Debug|x86.Build.0 = Debug|Any CPU
		{A3F8ECE1-2CC8-4921-BD94-45363220C6FF}.Release|Any CPU.ActiveCfg = Release|Any CPU
		{A3F8ECE1-2CC8-4921-BD94-45363220C6FF}.Release|Any CPU.Build.0 = Release|Any CPU
		{A3F8ECE1-2CC8-4921-BD94-45363220C6FF}.Release|x86.ActiveCfg = Release|Any CPU
		{A3F8ECE1-2CC8-4921-BD94-45363220C6FF}.Release|x86.Build.0 = Release|Any CPU
		{738C0B6D-B931-4699-A3A6-6919DE84C7D6}.Debug|Any CPU.ActiveCfg = Debug|Any CPU
		{738C0B6D-B931-4699-A3A6-6919DE84C7D6}.Debug|Any CPU.Build.0 = Debug|Any CPU
		{738C0B6D-B931-4699-A3A6-6919DE84C7D6}.Debug|x86.ActiveCfg = Debug|Any CPU
		{738C0B6D-B931-4699-A3A6-6919DE84C7D6}.Debug|x86.Build.0 = Debug|Any CPU
		{738C0B6D-B931-4699-A3A6-6919DE84C7D6}.Release|Any CPU.ActiveCfg = Release|Any CPU
		{738C0B6D-B931-4699-A3A6-6919DE84C7D6}.Release|Any CPU.Build.0 = Release|Any CPU
		{738C0B6D-B931-4699-A3A6-6919DE84C7D6}.Release|x86.ActiveCfg = Release|Any CPU
		{738C0B6D-B931-4699-A3A6-6919DE84C7D6}.Release|x86.Build.0 = Release|Any CPU
		{9AD40E54-7412-407B-A12A-9BD547E474C0}.Debug|Any CPU.ActiveCfg = Debug|Any CPU
		{9AD40E54-7412-407B-A12A-9BD547E474C0}.Debug|Any CPU.Build.0 = Debug|Any CPU
		{9AD40E54-7412-407B-A12A-9BD547E474C0}.Debug|x86.ActiveCfg = Debug|Any CPU
		{9AD40E54-7412-407B-A12A-9BD547E474C0}.Debug|x86.Build.0 = Debug|Any CPU
		{9AD40E54-7412-407B-A12A-9BD547E474C0}.Release|Any CPU.ActiveCfg = Release|Any CPU
		{9AD40E54-7412-407B-A12A-9BD547E474C0}.Release|Any CPU.Build.0 = Release|Any CPU
		{9AD40E54-7412-407B-A12A-9BD547E474C0}.Release|x86.ActiveCfg = Release|Any CPU
		{9AD40E54-7412-407B-A12A-9BD547E474C0}.Release|x86.Build.0 = Release|Any CPU
		{04F34BC9-CB99-483A-95B2-9BA7E03C527B}.Debug|Any CPU.ActiveCfg = Debug|Any CPU
		{04F34BC9-CB99-483A-95B2-9BA7E03C527B}.Debug|Any CPU.Build.0 = Debug|Any CPU
		{04F34BC9-CB99-483A-95B2-9BA7E03C527B}.Debug|x86.ActiveCfg = Debug|Any CPU
		{04F34BC9-CB99-483A-95B2-9BA7E03C527B}.Debug|x86.Build.0 = Debug|Any CPU
		{04F34BC9-CB99-483A-95B2-9BA7E03C527B}.Release|Any CPU.ActiveCfg = Release|Any CPU
		{04F34BC9-CB99-483A-95B2-9BA7E03C527B}.Release|Any CPU.Build.0 = Release|Any CPU
		{04F34BC9-CB99-483A-95B2-9BA7E03C527B}.Release|x86.ActiveCfg = Release|Any CPU
		{04F34BC9-CB99-483A-95B2-9BA7E03C527B}.Release|x86.Build.0 = Release|Any CPU
		{7FE9F05E-5D3C-4FB5-8CF7-CC07DC1F8165}.Debug|Any CPU.ActiveCfg = Debug|Any CPU
		{7FE9F05E-5D3C-4FB5-8CF7-CC07DC1F8165}.Debug|Any CPU.Build.0 = Debug|Any CPU
		{7FE9F05E-5D3C-4FB5-8CF7-CC07DC1F8165}.Debug|x86.ActiveCfg = Debug|Any CPU
		{7FE9F05E-5D3C-4FB5-8CF7-CC07DC1F8165}.Debug|x86.Build.0 = Debug|Any CPU
		{7FE9F05E-5D3C-4FB5-8CF7-CC07DC1F8165}.Release|Any CPU.ActiveCfg = Release|Any CPU
		{7FE9F05E-5D3C-4FB5-8CF7-CC07DC1F8165}.Release|Any CPU.Build.0 = Release|Any CPU
		{7FE9F05E-5D3C-4FB5-8CF7-CC07DC1F8165}.Release|x86.ActiveCfg = Release|Any CPU
		{7FE9F05E-5D3C-4FB5-8CF7-CC07DC1F8165}.Release|x86.Build.0 = Release|Any CPU
		{C0A7AF38-49EC-4B91-94CE-C19521930380}.Debug|Any CPU.ActiveCfg = Debug|Any CPU
		{C0A7AF38-49EC-4B91-94CE-C19521930380}.Debug|Any CPU.Build.0 = Debug|Any CPU
		{C0A7AF38-49EC-4B91-94CE-C19521930380}.Debug|x86.ActiveCfg = Debug|Any CPU
		{C0A7AF38-49EC-4B91-94CE-C19521930380}.Debug|x86.Build.0 = Debug|Any CPU
		{C0A7AF38-49EC-4B91-94CE-C19521930380}.Release|Any CPU.ActiveCfg = Release|Any CPU
		{C0A7AF38-49EC-4B91-94CE-C19521930380}.Release|Any CPU.Build.0 = Release|Any CPU
		{C0A7AF38-49EC-4B91-94CE-C19521930380}.Release|x86.ActiveCfg = Release|Any CPU
		{C0A7AF38-49EC-4B91-94CE-C19521930380}.Release|x86.Build.0 = Release|Any CPU
		{64AF6484-4EB1-4495-B2F5-0533CBB15000}.Debug|Any CPU.ActiveCfg = Debug|Any CPU
		{64AF6484-4EB1-4495-B2F5-0533CBB15000}.Debug|Any CPU.Build.0 = Debug|Any CPU
		{64AF6484-4EB1-4495-B2F5-0533CBB15000}.Debug|x86.ActiveCfg = Debug|Any CPU
		{64AF6484-4EB1-4495-B2F5-0533CBB15000}.Debug|x86.Build.0 = Debug|Any CPU
		{64AF6484-4EB1-4495-B2F5-0533CBB15000}.Release|Any CPU.ActiveCfg = Release|Any CPU
		{64AF6484-4EB1-4495-B2F5-0533CBB15000}.Release|Any CPU.Build.0 = Release|Any CPU
		{64AF6484-4EB1-4495-B2F5-0533CBB15000}.Release|x86.ActiveCfg = Release|Any CPU
		{64AF6484-4EB1-4495-B2F5-0533CBB15000}.Release|x86.Build.0 = Release|Any CPU
		{77BCDD99-BA05-44A0-AC50-B1EAD310D521}.Debug|Any CPU.ActiveCfg = Debug|Any CPU
		{77BCDD99-BA05-44A0-AC50-B1EAD310D521}.Debug|Any CPU.Build.0 = Debug|Any CPU
		{77BCDD99-BA05-44A0-AC50-B1EAD310D521}.Debug|x86.ActiveCfg = Debug|Any CPU
		{77BCDD99-BA05-44A0-AC50-B1EAD310D521}.Debug|x86.Build.0 = Debug|Any CPU
		{77BCDD99-BA05-44A0-AC50-B1EAD310D521}.Release|Any CPU.ActiveCfg = Release|Any CPU
		{77BCDD99-BA05-44A0-AC50-B1EAD310D521}.Release|Any CPU.Build.0 = Release|Any CPU
		{77BCDD99-BA05-44A0-AC50-B1EAD310D521}.Release|x86.ActiveCfg = Release|Any CPU
		{77BCDD99-BA05-44A0-AC50-B1EAD310D521}.Release|x86.Build.0 = Release|Any CPU
		{6463A922-D0EA-4340-A684-FA04CCD288BC}.Debug|Any CPU.ActiveCfg = Debug|Any CPU
		{6463A922-D0EA-4340-A684-FA04CCD288BC}.Debug|Any CPU.Build.0 = Debug|Any CPU
		{6463A922-D0EA-4340-A684-FA04CCD288BC}.Debug|x86.ActiveCfg = Debug|Any CPU
		{6463A922-D0EA-4340-A684-FA04CCD288BC}.Debug|x86.Build.0 = Debug|Any CPU
		{6463A922-D0EA-4340-A684-FA04CCD288BC}.Release|Any CPU.ActiveCfg = Release|Any CPU
		{6463A922-D0EA-4340-A684-FA04CCD288BC}.Release|Any CPU.Build.0 = Release|Any CPU
		{6463A922-D0EA-4340-A684-FA04CCD288BC}.Release|x86.ActiveCfg = Release|Any CPU
		{6463A922-D0EA-4340-A684-FA04CCD288BC}.Release|x86.Build.0 = Release|Any CPU
		{DC93FE67-33EC-41D6-91DD-B663DECB3BE5}.Debug|Any CPU.ActiveCfg = Debug|Any CPU
		{DC93FE67-33EC-41D6-91DD-B663DECB3BE5}.Debug|Any CPU.Build.0 = Debug|Any CPU
		{DC93FE67-33EC-41D6-91DD-B663DECB3BE5}.Debug|x86.ActiveCfg = Debug|Any CPU
		{DC93FE67-33EC-41D6-91DD-B663DECB3BE5}.Debug|x86.Build.0 = Debug|Any CPU
		{DC93FE67-33EC-41D6-91DD-B663DECB3BE5}.Release|Any CPU.ActiveCfg = Release|Any CPU
		{DC93FE67-33EC-41D6-91DD-B663DECB3BE5}.Release|Any CPU.Build.0 = Release|Any CPU
		{DC93FE67-33EC-41D6-91DD-B663DECB3BE5}.Release|x86.ActiveCfg = Release|Any CPU
		{DC93FE67-33EC-41D6-91DD-B663DECB3BE5}.Release|x86.Build.0 = Release|Any CPU
		{B0093FC9-ECDF-496A-9563-6BE007F41A1E}.Debug|Any CPU.ActiveCfg = Debug|Any CPU
		{B0093FC9-ECDF-496A-9563-6BE007F41A1E}.Debug|Any CPU.Build.0 = Debug|Any CPU
		{B0093FC9-ECDF-496A-9563-6BE007F41A1E}.Debug|x86.ActiveCfg = Debug|Any CPU
		{B0093FC9-ECDF-496A-9563-6BE007F41A1E}.Debug|x86.Build.0 = Debug|Any CPU
		{B0093FC9-ECDF-496A-9563-6BE007F41A1E}.Release|Any CPU.ActiveCfg = Release|Any CPU
		{B0093FC9-ECDF-496A-9563-6BE007F41A1E}.Release|Any CPU.Build.0 = Release|Any CPU
		{B0093FC9-ECDF-496A-9563-6BE007F41A1E}.Release|x86.ActiveCfg = Release|Any CPU
		{B0093FC9-ECDF-496A-9563-6BE007F41A1E}.Release|x86.Build.0 = Release|Any CPU
		{7346735C-97A2-4408-8931-2B0A607E4038}.Debug|Any CPU.ActiveCfg = Debug|Any CPU
		{7346735C-97A2-4408-8931-2B0A607E4038}.Debug|Any CPU.Build.0 = Debug|Any CPU
		{7346735C-97A2-4408-8931-2B0A607E4038}.Debug|x86.ActiveCfg = Debug|Any CPU
		{7346735C-97A2-4408-8931-2B0A607E4038}.Debug|x86.Build.0 = Debug|Any CPU
		{7346735C-97A2-4408-8931-2B0A607E4038}.Release|Any CPU.ActiveCfg = Release|Any CPU
		{7346735C-97A2-4408-8931-2B0A607E4038}.Release|Any CPU.Build.0 = Release|Any CPU
		{7346735C-97A2-4408-8931-2B0A607E4038}.Release|x86.ActiveCfg = Release|Any CPU
		{7346735C-97A2-4408-8931-2B0A607E4038}.Release|x86.Build.0 = Release|Any CPU
		{26140187-D578-4EAD-9634-CE532E2CDA9B}.Debug|Any CPU.ActiveCfg = Debug|Any CPU
		{26140187-D578-4EAD-9634-CE532E2CDA9B}.Debug|Any CPU.Build.0 = Debug|Any CPU
		{26140187-D578-4EAD-9634-CE532E2CDA9B}.Debug|x86.ActiveCfg = Debug|Any CPU
		{26140187-D578-4EAD-9634-CE532E2CDA9B}.Debug|x86.Build.0 = Debug|Any CPU
		{26140187-D578-4EAD-9634-CE532E2CDA9B}.Release|Any CPU.ActiveCfg = Release|Any CPU
		{26140187-D578-4EAD-9634-CE532E2CDA9B}.Release|Any CPU.Build.0 = Release|Any CPU
		{26140187-D578-4EAD-9634-CE532E2CDA9B}.Release|x86.ActiveCfg = Release|Any CPU
		{26140187-D578-4EAD-9634-CE532E2CDA9B}.Release|x86.Build.0 = Release|Any CPU
		{744C7186-74FF-4934-8E44-87DAF97A933F}.Debug|Any CPU.ActiveCfg = Debug|Any CPU
		{744C7186-74FF-4934-8E44-87DAF97A933F}.Debug|Any CPU.Build.0 = Debug|Any CPU
		{744C7186-74FF-4934-8E44-87DAF97A933F}.Debug|x86.ActiveCfg = Debug|Any CPU
		{744C7186-74FF-4934-8E44-87DAF97A933F}.Debug|x86.Build.0 = Debug|Any CPU
		{744C7186-74FF-4934-8E44-87DAF97A933F}.Release|Any CPU.ActiveCfg = Release|Any CPU
		{744C7186-74FF-4934-8E44-87DAF97A933F}.Release|Any CPU.Build.0 = Release|Any CPU
		{744C7186-74FF-4934-8E44-87DAF97A933F}.Release|x86.ActiveCfg = Release|Any CPU
		{744C7186-74FF-4934-8E44-87DAF97A933F}.Release|x86.Build.0 = Release|Any CPU
		{38063B49-1DA7-43D2-AE92-2DF7E49390DD}.Debug|Any CPU.ActiveCfg = Debug|Any CPU
		{38063B49-1DA7-43D2-AE92-2DF7E49390DD}.Debug|Any CPU.Build.0 = Debug|Any CPU
		{38063B49-1DA7-43D2-AE92-2DF7E49390DD}.Debug|x86.ActiveCfg = Debug|Any CPU
		{38063B49-1DA7-43D2-AE92-2DF7E49390DD}.Debug|x86.Build.0 = Debug|Any CPU
		{38063B49-1DA7-43D2-AE92-2DF7E49390DD}.Release|Any CPU.ActiveCfg = Release|Any CPU
		{38063B49-1DA7-43D2-AE92-2DF7E49390DD}.Release|Any CPU.Build.0 = Release|Any CPU
		{38063B49-1DA7-43D2-AE92-2DF7E49390DD}.Release|x86.ActiveCfg = Release|Any CPU
		{38063B49-1DA7-43D2-AE92-2DF7E49390DD}.Release|x86.Build.0 = Release|Any CPU
		{717A1F4B-60B2-42F3-A3D8-3B61BA38C9F7}.Debug|Any CPU.ActiveCfg = Debug|Any CPU
		{717A1F4B-60B2-42F3-A3D8-3B61BA38C9F7}.Debug|Any CPU.Build.0 = Debug|Any CPU
		{717A1F4B-60B2-42F3-A3D8-3B61BA38C9F7}.Debug|x86.ActiveCfg = Debug|Any CPU
		{717A1F4B-60B2-42F3-A3D8-3B61BA38C9F7}.Debug|x86.Build.0 = Debug|Any CPU
		{717A1F4B-60B2-42F3-A3D8-3B61BA38C9F7}.Release|Any CPU.ActiveCfg = Release|Any CPU
		{717A1F4B-60B2-42F3-A3D8-3B61BA38C9F7}.Release|Any CPU.Build.0 = Release|Any CPU
		{717A1F4B-60B2-42F3-A3D8-3B61BA38C9F7}.Release|x86.ActiveCfg = Release|Any CPU
		{717A1F4B-60B2-42F3-A3D8-3B61BA38C9F7}.Release|x86.Build.0 = Release|Any CPU
		{1F2AB7BB-64B8-4051-B7F9-698C0396746D}.Debug|Any CPU.ActiveCfg = Debug|Any CPU
		{1F2AB7BB-64B8-4051-B7F9-698C0396746D}.Debug|Any CPU.Build.0 = Debug|Any CPU
		{1F2AB7BB-64B8-4051-B7F9-698C0396746D}.Debug|x86.ActiveCfg = Debug|Any CPU
		{1F2AB7BB-64B8-4051-B7F9-698C0396746D}.Debug|x86.Build.0 = Debug|Any CPU
		{1F2AB7BB-64B8-4051-B7F9-698C0396746D}.Release|Any CPU.ActiveCfg = Release|Any CPU
		{1F2AB7BB-64B8-4051-B7F9-698C0396746D}.Release|Any CPU.Build.0 = Release|Any CPU
		{1F2AB7BB-64B8-4051-B7F9-698C0396746D}.Release|x86.ActiveCfg = Release|Any CPU
		{1F2AB7BB-64B8-4051-B7F9-698C0396746D}.Release|x86.Build.0 = Release|Any CPU
		{503B4391-7CC5-4265-84F1-9D76DBDC1EE8}.Debug|Any CPU.ActiveCfg = Debug|Any CPU
		{503B4391-7CC5-4265-84F1-9D76DBDC1EE8}.Debug|Any CPU.Build.0 = Debug|Any CPU
		{503B4391-7CC5-4265-84F1-9D76DBDC1EE8}.Debug|x86.ActiveCfg = Debug|Any CPU
		{503B4391-7CC5-4265-84F1-9D76DBDC1EE8}.Debug|x86.Build.0 = Debug|Any CPU
		{503B4391-7CC5-4265-84F1-9D76DBDC1EE8}.Release|Any CPU.ActiveCfg = Release|Any CPU
		{503B4391-7CC5-4265-84F1-9D76DBDC1EE8}.Release|Any CPU.Build.0 = Release|Any CPU
		{503B4391-7CC5-4265-84F1-9D76DBDC1EE8}.Release|x86.ActiveCfg = Release|Any CPU
		{503B4391-7CC5-4265-84F1-9D76DBDC1EE8}.Release|x86.Build.0 = Release|Any CPU
		{79F74719-A556-410B-B398-53551014782C}.Debug|Any CPU.ActiveCfg = Debug|Any CPU
		{79F74719-A556-410B-B398-53551014782C}.Debug|Any CPU.Build.0 = Debug|Any CPU
		{79F74719-A556-410B-B398-53551014782C}.Debug|x86.ActiveCfg = Debug|Any CPU
		{79F74719-A556-410B-B398-53551014782C}.Debug|x86.Build.0 = Debug|Any CPU
		{79F74719-A556-410B-B398-53551014782C}.Release|Any CPU.ActiveCfg = Release|Any CPU
		{79F74719-A556-410B-B398-53551014782C}.Release|Any CPU.Build.0 = Release|Any CPU
		{79F74719-A556-410B-B398-53551014782C}.Release|x86.ActiveCfg = Release|Any CPU
		{79F74719-A556-410B-B398-53551014782C}.Release|x86.Build.0 = Release|Any CPU
		{A0F02FBE-CC97-4A26-98DA-13C430A85999}.Debug|Any CPU.ActiveCfg = Debug|Any CPU
		{A0F02FBE-CC97-4A26-98DA-13C430A85999}.Debug|Any CPU.Build.0 = Debug|Any CPU
		{A0F02FBE-CC97-4A26-98DA-13C430A85999}.Debug|x86.ActiveCfg = Debug|Any CPU
		{A0F02FBE-CC97-4A26-98DA-13C430A85999}.Debug|x86.Build.0 = Debug|Any CPU
		{A0F02FBE-CC97-4A26-98DA-13C430A85999}.Release|Any CPU.ActiveCfg = Release|Any CPU
		{A0F02FBE-CC97-4A26-98DA-13C430A85999}.Release|Any CPU.Build.0 = Release|Any CPU
		{A0F02FBE-CC97-4A26-98DA-13C430A85999}.Release|x86.ActiveCfg = Release|Any CPU
		{A0F02FBE-CC97-4A26-98DA-13C430A85999}.Release|x86.Build.0 = Release|Any CPU
		{207BB122-8E80-4385-BAC6-D10F996AA14E}.Debug|Any CPU.ActiveCfg = Debug|Any CPU
		{207BB122-8E80-4385-BAC6-D10F996AA14E}.Debug|Any CPU.Build.0 = Debug|Any CPU
		{207BB122-8E80-4385-BAC6-D10F996AA14E}.Debug|x86.ActiveCfg = Debug|Any CPU
		{207BB122-8E80-4385-BAC6-D10F996AA14E}.Debug|x86.Build.0 = Debug|Any CPU
		{207BB122-8E80-4385-BAC6-D10F996AA14E}.Release|Any CPU.ActiveCfg = Release|Any CPU
		{207BB122-8E80-4385-BAC6-D10F996AA14E}.Release|Any CPU.Build.0 = Release|Any CPU
		{207BB122-8E80-4385-BAC6-D10F996AA14E}.Release|x86.ActiveCfg = Release|Any CPU
		{207BB122-8E80-4385-BAC6-D10F996AA14E}.Release|x86.Build.0 = Release|Any CPU
		{9E14549E-AEE4-46E5-B421-908E26741085}.Debug|Any CPU.ActiveCfg = Debug|Any CPU
		{9E14549E-AEE4-46E5-B421-908E26741085}.Debug|Any CPU.Build.0 = Debug|Any CPU
		{9E14549E-AEE4-46E5-B421-908E26741085}.Debug|x86.ActiveCfg = Debug|Any CPU
		{9E14549E-AEE4-46E5-B421-908E26741085}.Debug|x86.Build.0 = Debug|Any CPU
		{9E14549E-AEE4-46E5-B421-908E26741085}.Release|Any CPU.ActiveCfg = Release|Any CPU
		{9E14549E-AEE4-46E5-B421-908E26741085}.Release|Any CPU.Build.0 = Release|Any CPU
		{9E14549E-AEE4-46E5-B421-908E26741085}.Release|x86.ActiveCfg = Release|Any CPU
		{9E14549E-AEE4-46E5-B421-908E26741085}.Release|x86.Build.0 = Release|Any CPU
		{3E04FFDB-E034-438F-BAD2-CF11856B0EDB}.Debug|Any CPU.ActiveCfg = Debug|Any CPU
		{3E04FFDB-E034-438F-BAD2-CF11856B0EDB}.Debug|Any CPU.Build.0 = Debug|Any CPU
		{3E04FFDB-E034-438F-BAD2-CF11856B0EDB}.Debug|x86.ActiveCfg = Debug|Any CPU
		{3E04FFDB-E034-438F-BAD2-CF11856B0EDB}.Debug|x86.Build.0 = Debug|Any CPU
		{3E04FFDB-E034-438F-BAD2-CF11856B0EDB}.Release|Any CPU.ActiveCfg = Release|Any CPU
		{3E04FFDB-E034-438F-BAD2-CF11856B0EDB}.Release|Any CPU.Build.0 = Release|Any CPU
		{3E04FFDB-E034-438F-BAD2-CF11856B0EDB}.Release|x86.ActiveCfg = Release|Any CPU
		{3E04FFDB-E034-438F-BAD2-CF11856B0EDB}.Release|x86.Build.0 = Release|Any CPU
		{E8A009FB-22DE-4AD6-B35A-1320B1DAB2B0}.Debug|Any CPU.ActiveCfg = Debug|x86
		{E8A009FB-22DE-4AD6-B35A-1320B1DAB2B0}.Debug|x86.ActiveCfg = Debug|x86
		{E8A009FB-22DE-4AD6-B35A-1320B1DAB2B0}.Debug|x86.Build.0 = Debug|x86
		{E8A009FB-22DE-4AD6-B35A-1320B1DAB2B0}.Release|Any CPU.ActiveCfg = Release|x86
		{E8A009FB-22DE-4AD6-B35A-1320B1DAB2B0}.Release|x86.ActiveCfg = Release|x86
		{E8A009FB-22DE-4AD6-B35A-1320B1DAB2B0}.Release|x86.Build.0 = Release|x86
		{6BFDA303-34C4-4512-B64B-347CDA820ED1}.Debug|Any CPU.ActiveCfg = Debug|Any CPU
		{6BFDA303-34C4-4512-B64B-347CDA820ED1}.Debug|Any CPU.Build.0 = Debug|Any CPU
		{6BFDA303-34C4-4512-B64B-347CDA820ED1}.Debug|x86.ActiveCfg = Debug|Any CPU
		{6BFDA303-34C4-4512-B64B-347CDA820ED1}.Debug|x86.Build.0 = Debug|Any CPU
		{6BFDA303-34C4-4512-B64B-347CDA820ED1}.Release|Any CPU.ActiveCfg = Release|Any CPU
		{6BFDA303-34C4-4512-B64B-347CDA820ED1}.Release|Any CPU.Build.0 = Release|Any CPU
		{6BFDA303-34C4-4512-B64B-347CDA820ED1}.Release|x86.ActiveCfg = Release|Any CPU
		{6BFDA303-34C4-4512-B64B-347CDA820ED1}.Release|x86.Build.0 = Release|Any CPU
		{3C9099CF-F4F1-4E5A-A9C9-BFBFBCC71386}.Debug|Any CPU.ActiveCfg = Debug|Any CPU
		{3C9099CF-F4F1-4E5A-A9C9-BFBFBCC71386}.Debug|Any CPU.Build.0 = Debug|Any CPU
		{3C9099CF-F4F1-4E5A-A9C9-BFBFBCC71386}.Debug|x86.ActiveCfg = Debug|Any CPU
		{3C9099CF-F4F1-4E5A-A9C9-BFBFBCC71386}.Debug|x86.Build.0 = Debug|Any CPU
		{3C9099CF-F4F1-4E5A-A9C9-BFBFBCC71386}.Release|Any CPU.ActiveCfg = Release|Any CPU
		{3C9099CF-F4F1-4E5A-A9C9-BFBFBCC71386}.Release|Any CPU.Build.0 = Release|Any CPU
		{3C9099CF-F4F1-4E5A-A9C9-BFBFBCC71386}.Release|x86.ActiveCfg = Release|Any CPU
		{3C9099CF-F4F1-4E5A-A9C9-BFBFBCC71386}.Release|x86.Build.0 = Release|Any CPU
		{089CFFA1-BEC2-40FE-B1EB-C175206ED105}.Debug|Any CPU.ActiveCfg = Debug|Any CPU
		{089CFFA1-BEC2-40FE-B1EB-C175206ED105}.Debug|Any CPU.Build.0 = Debug|Any CPU
		{089CFFA1-BEC2-40FE-B1EB-C175206ED105}.Debug|x86.ActiveCfg = Debug|Any CPU
		{089CFFA1-BEC2-40FE-B1EB-C175206ED105}.Debug|x86.Build.0 = Debug|Any CPU
		{089CFFA1-BEC2-40FE-B1EB-C175206ED105}.Release|Any CPU.ActiveCfg = Release|Any CPU
		{089CFFA1-BEC2-40FE-B1EB-C175206ED105}.Release|Any CPU.Build.0 = Release|Any CPU
		{089CFFA1-BEC2-40FE-B1EB-C175206ED105}.Release|x86.ActiveCfg = Release|Any CPU
		{089CFFA1-BEC2-40FE-B1EB-C175206ED105}.Release|x86.Build.0 = Release|Any CPU
		{A9DFEEE2-B86A-444E-8D87-DA894E3250BB}.Debug|Any CPU.ActiveCfg = Debug|Any CPU
		{A9DFEEE2-B86A-444E-8D87-DA894E3250BB}.Debug|Any CPU.Build.0 = Debug|Any CPU
		{A9DFEEE2-B86A-444E-8D87-DA894E3250BB}.Debug|x86.ActiveCfg = Debug|Any CPU
		{A9DFEEE2-B86A-444E-8D87-DA894E3250BB}.Debug|x86.Build.0 = Debug|Any CPU
		{A9DFEEE2-B86A-444E-8D87-DA894E3250BB}.Release|Any CPU.ActiveCfg = Release|Any CPU
		{A9DFEEE2-B86A-444E-8D87-DA894E3250BB}.Release|Any CPU.Build.0 = Release|Any CPU
		{A9DFEEE2-B86A-444E-8D87-DA894E3250BB}.Release|x86.ActiveCfg = Release|Any CPU
		{A9DFEEE2-B86A-444E-8D87-DA894E3250BB}.Release|x86.Build.0 = Release|Any CPU
		{FFF04D06-D775-43F9-BC30-79BFDD0D3A34}.Debug|Any CPU.ActiveCfg = Debug|Any CPU
		{FFF04D06-D775-43F9-BC30-79BFDD0D3A34}.Debug|Any CPU.Build.0 = Debug|Any CPU
		{FFF04D06-D775-43F9-BC30-79BFDD0D3A34}.Debug|x86.ActiveCfg = Debug|Any CPU
		{FFF04D06-D775-43F9-BC30-79BFDD0D3A34}.Debug|x86.Build.0 = Debug|Any CPU
		{FFF04D06-D775-43F9-BC30-79BFDD0D3A34}.Release|Any CPU.ActiveCfg = Release|Any CPU
		{FFF04D06-D775-43F9-BC30-79BFDD0D3A34}.Release|Any CPU.Build.0 = Release|Any CPU
		{FFF04D06-D775-43F9-BC30-79BFDD0D3A34}.Release|x86.ActiveCfg = Release|Any CPU
		{FFF04D06-D775-43F9-BC30-79BFDD0D3A34}.Release|x86.Build.0 = Release|Any CPU
		{0CC5DDC9-938F-442C-9B42-509A93DA3A7D}.Debug|Any CPU.ActiveCfg = Debug|Any CPU
		{0CC5DDC9-938F-442C-9B42-509A93DA3A7D}.Debug|Any CPU.Build.0 = Debug|Any CPU
		{0CC5DDC9-938F-442C-9B42-509A93DA3A7D}.Debug|x86.ActiveCfg = Debug|Any CPU
		{0CC5DDC9-938F-442C-9B42-509A93DA3A7D}.Debug|x86.Build.0 = Debug|Any CPU
		{0CC5DDC9-938F-442C-9B42-509A93DA3A7D}.Release|Any CPU.ActiveCfg = Release|Any CPU
		{0CC5DDC9-938F-442C-9B42-509A93DA3A7D}.Release|Any CPU.Build.0 = Release|Any CPU
		{0CC5DDC9-938F-442C-9B42-509A93DA3A7D}.Release|x86.ActiveCfg = Release|Any CPU
		{0CC5DDC9-938F-442C-9B42-509A93DA3A7D}.Release|x86.Build.0 = Release|Any CPU
		{2F65117C-8EE7-4756-A029-F8FC8CAEA164}.Debug|Any CPU.ActiveCfg = Debug|Any CPU
		{2F65117C-8EE7-4756-A029-F8FC8CAEA164}.Debug|Any CPU.Build.0 = Debug|Any CPU
		{2F65117C-8EE7-4756-A029-F8FC8CAEA164}.Debug|x86.ActiveCfg = Debug|Any CPU
		{2F65117C-8EE7-4756-A029-F8FC8CAEA164}.Debug|x86.Build.0 = Debug|Any CPU
		{2F65117C-8EE7-4756-A029-F8FC8CAEA164}.Release|Any CPU.ActiveCfg = Release|Any CPU
		{2F65117C-8EE7-4756-A029-F8FC8CAEA164}.Release|Any CPU.Build.0 = Release|Any CPU
		{2F65117C-8EE7-4756-A029-F8FC8CAEA164}.Release|x86.ActiveCfg = Release|Any CPU
		{2F65117C-8EE7-4756-A029-F8FC8CAEA164}.Release|x86.Build.0 = Release|Any CPU
		{447DBA57-78DE-418F-9378-BAE6ECE31B9D}.Debug|Any CPU.ActiveCfg = Debug|Any CPU
		{447DBA57-78DE-418F-9378-BAE6ECE31B9D}.Debug|Any CPU.Build.0 = Debug|Any CPU
		{447DBA57-78DE-418F-9378-BAE6ECE31B9D}.Debug|x86.ActiveCfg = Debug|Any CPU
		{447DBA57-78DE-418F-9378-BAE6ECE31B9D}.Debug|x86.Build.0 = Debug|Any CPU
		{447DBA57-78DE-418F-9378-BAE6ECE31B9D}.Release|Any CPU.ActiveCfg = Release|Any CPU
		{447DBA57-78DE-418F-9378-BAE6ECE31B9D}.Release|Any CPU.Build.0 = Release|Any CPU
		{447DBA57-78DE-418F-9378-BAE6ECE31B9D}.Release|x86.ActiveCfg = Release|Any CPU
		{447DBA57-78DE-418F-9378-BAE6ECE31B9D}.Release|x86.Build.0 = Release|Any CPU
		{5398BF26-5EB7-4CB3-977C-890850D3BC99}.Debug|Any CPU.ActiveCfg = Debug|Any CPU
		{5398BF26-5EB7-4CB3-977C-890850D3BC99}.Debug|Any CPU.Build.0 = Debug|Any CPU
		{5398BF26-5EB7-4CB3-977C-890850D3BC99}.Debug|x86.ActiveCfg = Debug|Any CPU
		{5398BF26-5EB7-4CB3-977C-890850D3BC99}.Debug|x86.Build.0 = Debug|Any CPU
		{5398BF26-5EB7-4CB3-977C-890850D3BC99}.Release|Any CPU.ActiveCfg = Release|Any CPU
		{5398BF26-5EB7-4CB3-977C-890850D3BC99}.Release|Any CPU.Build.0 = Release|Any CPU
		{5398BF26-5EB7-4CB3-977C-890850D3BC99}.Release|x86.ActiveCfg = Release|Any CPU
		{5398BF26-5EB7-4CB3-977C-890850D3BC99}.Release|x86.Build.0 = Release|Any CPU
		{2F12CAA0-E4EC-4DBC-906B-3DA19EA24A08}.Debug|Any CPU.ActiveCfg = Debug|Any CPU
		{2F12CAA0-E4EC-4DBC-906B-3DA19EA24A08}.Debug|Any CPU.Build.0 = Debug|Any CPU
		{2F12CAA0-E4EC-4DBC-906B-3DA19EA24A08}.Debug|x86.ActiveCfg = Debug|Any CPU
		{2F12CAA0-E4EC-4DBC-906B-3DA19EA24A08}.Debug|x86.Build.0 = Debug|Any CPU
		{2F12CAA0-E4EC-4DBC-906B-3DA19EA24A08}.Release|Any CPU.ActiveCfg = Release|Any CPU
		{2F12CAA0-E4EC-4DBC-906B-3DA19EA24A08}.Release|Any CPU.Build.0 = Release|Any CPU
		{2F12CAA0-E4EC-4DBC-906B-3DA19EA24A08}.Release|x86.ActiveCfg = Release|Any CPU
		{2F12CAA0-E4EC-4DBC-906B-3DA19EA24A08}.Release|x86.Build.0 = Release|Any CPU
		{6D32BDD5-B9DC-45E4-B003-C053A97C2050}.Debug|Any CPU.ActiveCfg = Debug|Any CPU
		{6D32BDD5-B9DC-45E4-B003-C053A97C2050}.Debug|Any CPU.Build.0 = Debug|Any CPU
		{6D32BDD5-B9DC-45E4-B003-C053A97C2050}.Debug|x86.ActiveCfg = Debug|Any CPU
		{6D32BDD5-B9DC-45E4-B003-C053A97C2050}.Debug|x86.Build.0 = Debug|Any CPU
		{6D32BDD5-B9DC-45E4-B003-C053A97C2050}.Release|Any CPU.ActiveCfg = Release|Any CPU
		{6D32BDD5-B9DC-45E4-B003-C053A97C2050}.Release|Any CPU.Build.0 = Release|Any CPU
		{6D32BDD5-B9DC-45E4-B003-C053A97C2050}.Release|x86.ActiveCfg = Release|Any CPU
		{6D32BDD5-B9DC-45E4-B003-C053A97C2050}.Release|x86.Build.0 = Release|Any CPU
		{C449A323-DC10-4B9E-8CBE-7F20CE7A791A}.Debug|Any CPU.ActiveCfg = Debug|Any CPU
		{C449A323-DC10-4B9E-8CBE-7F20CE7A791A}.Debug|Any CPU.Build.0 = Debug|Any CPU
		{C449A323-DC10-4B9E-8CBE-7F20CE7A791A}.Debug|x86.ActiveCfg = Debug|Any CPU
		{C449A323-DC10-4B9E-8CBE-7F20CE7A791A}.Debug|x86.Build.0 = Debug|Any CPU
		{C449A323-DC10-4B9E-8CBE-7F20CE7A791A}.Release|Any CPU.ActiveCfg = Release|Any CPU
		{C449A323-DC10-4B9E-8CBE-7F20CE7A791A}.Release|Any CPU.Build.0 = Release|Any CPU
		{C449A323-DC10-4B9E-8CBE-7F20CE7A791A}.Release|x86.ActiveCfg = Release|Any CPU
		{C449A323-DC10-4B9E-8CBE-7F20CE7A791A}.Release|x86.Build.0 = Release|Any CPU
		{D8B61521-D48C-45F2-B0C6-C53B0EDEE6BD}.Debug|Any CPU.ActiveCfg = Debug|Any CPU
		{D8B61521-D48C-45F2-B0C6-C53B0EDEE6BD}.Debug|Any CPU.Build.0 = Debug|Any CPU
		{D8B61521-D48C-45F2-B0C6-C53B0EDEE6BD}.Debug|x86.ActiveCfg = Debug|Any CPU
		{D8B61521-D48C-45F2-B0C6-C53B0EDEE6BD}.Debug|x86.Build.0 = Debug|Any CPU
		{D8B61521-D48C-45F2-B0C6-C53B0EDEE6BD}.Release|Any CPU.ActiveCfg = Release|Any CPU
		{D8B61521-D48C-45F2-B0C6-C53B0EDEE6BD}.Release|Any CPU.Build.0 = Release|Any CPU
		{D8B61521-D48C-45F2-B0C6-C53B0EDEE6BD}.Release|x86.ActiveCfg = Release|Any CPU
		{D8B61521-D48C-45F2-B0C6-C53B0EDEE6BD}.Release|x86.Build.0 = Release|Any CPU
		{5A9745AD-8479-436A-A5BE-23DE67145AB2}.Debug|Any CPU.ActiveCfg = Debug|Any CPU
		{5A9745AD-8479-436A-A5BE-23DE67145AB2}.Debug|Any CPU.Build.0 = Debug|Any CPU
		{5A9745AD-8479-436A-A5BE-23DE67145AB2}.Debug|x86.ActiveCfg = Debug|Any CPU
		{5A9745AD-8479-436A-A5BE-23DE67145AB2}.Debug|x86.Build.0 = Debug|Any CPU
		{5A9745AD-8479-436A-A5BE-23DE67145AB2}.Release|Any CPU.ActiveCfg = Release|Any CPU
		{5A9745AD-8479-436A-A5BE-23DE67145AB2}.Release|Any CPU.Build.0 = Release|Any CPU
		{5A9745AD-8479-436A-A5BE-23DE67145AB2}.Release|x86.ActiveCfg = Release|Any CPU
		{5A9745AD-8479-436A-A5BE-23DE67145AB2}.Release|x86.Build.0 = Release|Any CPU
		{048BF2C3-F5F2-42A2-A2A3-2C0C0AC70E52}.Debug|Any CPU.ActiveCfg = Debug|Any CPU
		{048BF2C3-F5F2-42A2-A2A3-2C0C0AC70E52}.Debug|Any CPU.Build.0 = Debug|Any CPU
		{048BF2C3-F5F2-42A2-A2A3-2C0C0AC70E52}.Debug|x86.ActiveCfg = Debug|Any CPU
		{048BF2C3-F5F2-42A2-A2A3-2C0C0AC70E52}.Debug|x86.Build.0 = Debug|Any CPU
		{048BF2C3-F5F2-42A2-A2A3-2C0C0AC70E52}.Release|Any CPU.ActiveCfg = Release|Any CPU
		{048BF2C3-F5F2-42A2-A2A3-2C0C0AC70E52}.Release|Any CPU.Build.0 = Release|Any CPU
		{048BF2C3-F5F2-42A2-A2A3-2C0C0AC70E52}.Release|x86.ActiveCfg = Release|Any CPU
		{048BF2C3-F5F2-42A2-A2A3-2C0C0AC70E52}.Release|x86.Build.0 = Release|Any CPU
		{66181F5F-F3A0-46CF-B151-9F3A9C0997AC}.Debug|Any CPU.ActiveCfg = Debug|Any CPU
		{66181F5F-F3A0-46CF-B151-9F3A9C0997AC}.Debug|Any CPU.Build.0 = Debug|Any CPU
		{66181F5F-F3A0-46CF-B151-9F3A9C0997AC}.Debug|x86.ActiveCfg = Debug|Any CPU
		{66181F5F-F3A0-46CF-B151-9F3A9C0997AC}.Debug|x86.Build.0 = Debug|Any CPU
		{66181F5F-F3A0-46CF-B151-9F3A9C0997AC}.Release|Any CPU.ActiveCfg = Release|Any CPU
		{66181F5F-F3A0-46CF-B151-9F3A9C0997AC}.Release|Any CPU.Build.0 = Release|Any CPU
		{66181F5F-F3A0-46CF-B151-9F3A9C0997AC}.Release|x86.ActiveCfg = Release|Any CPU
		{66181F5F-F3A0-46CF-B151-9F3A9C0997AC}.Release|x86.Build.0 = Release|Any CPU
		{CABECBBF-D20A-4876-A90B-3F801D6FE640}.Debug|Any CPU.ActiveCfg = Debug|Any CPU
		{CABECBBF-D20A-4876-A90B-3F801D6FE640}.Debug|Any CPU.Build.0 = Debug|Any CPU
		{CABECBBF-D20A-4876-A90B-3F801D6FE640}.Debug|x86.ActiveCfg = Debug|Any CPU
		{CABECBBF-D20A-4876-A90B-3F801D6FE640}.Debug|x86.Build.0 = Debug|Any CPU
		{CABECBBF-D20A-4876-A90B-3F801D6FE640}.Release|Any CPU.ActiveCfg = Release|Any CPU
		{CABECBBF-D20A-4876-A90B-3F801D6FE640}.Release|Any CPU.Build.0 = Release|Any CPU
		{CABECBBF-D20A-4876-A90B-3F801D6FE640}.Release|x86.ActiveCfg = Release|Any CPU
		{CABECBBF-D20A-4876-A90B-3F801D6FE640}.Release|x86.Build.0 = Release|Any CPU
		{475AEDF7-F637-4F02-8BB3-96AACAD963B2}.Debug|Any CPU.ActiveCfg = Debug|Any CPU
		{475AEDF7-F637-4F02-8BB3-96AACAD963B2}.Debug|Any CPU.Build.0 = Debug|Any CPU
		{475AEDF7-F637-4F02-8BB3-96AACAD963B2}.Debug|x86.ActiveCfg = Debug|Any CPU
		{475AEDF7-F637-4F02-8BB3-96AACAD963B2}.Debug|x86.Build.0 = Debug|Any CPU
		{475AEDF7-F637-4F02-8BB3-96AACAD963B2}.Release|Any CPU.ActiveCfg = Release|Any CPU
		{475AEDF7-F637-4F02-8BB3-96AACAD963B2}.Release|Any CPU.Build.0 = Release|Any CPU
		{475AEDF7-F637-4F02-8BB3-96AACAD963B2}.Release|x86.ActiveCfg = Release|Any CPU
		{475AEDF7-F637-4F02-8BB3-96AACAD963B2}.Release|x86.Build.0 = Release|Any CPU
		{069008F2-C6E5-4C46-A4D0-A7EBDE211536}.Debug|Any CPU.ActiveCfg = Debug|Any CPU
		{069008F2-C6E5-4C46-A4D0-A7EBDE211536}.Debug|Any CPU.Build.0 = Debug|Any CPU
		{069008F2-C6E5-4C46-A4D0-A7EBDE211536}.Debug|x86.ActiveCfg = Debug|Any CPU
		{069008F2-C6E5-4C46-A4D0-A7EBDE211536}.Debug|x86.Build.0 = Debug|Any CPU
		{069008F2-C6E5-4C46-A4D0-A7EBDE211536}.Release|Any CPU.ActiveCfg = Release|Any CPU
		{069008F2-C6E5-4C46-A4D0-A7EBDE211536}.Release|Any CPU.Build.0 = Release|Any CPU
		{069008F2-C6E5-4C46-A4D0-A7EBDE211536}.Release|x86.ActiveCfg = Release|Any CPU
		{069008F2-C6E5-4C46-A4D0-A7EBDE211536}.Release|x86.Build.0 = Release|Any CPU
		{CF710D4E-C638-47B2-BB6F-2D02D761D708}.Debug|Any CPU.ActiveCfg = Debug|Any CPU
		{CF710D4E-C638-47B2-BB6F-2D02D761D708}.Debug|Any CPU.Build.0 = Debug|Any CPU
		{CF710D4E-C638-47B2-BB6F-2D02D761D708}.Debug|x86.ActiveCfg = Debug|Any CPU
		{CF710D4E-C638-47B2-BB6F-2D02D761D708}.Debug|x86.Build.0 = Debug|Any CPU
		{CF710D4E-C638-47B2-BB6F-2D02D761D708}.Release|Any CPU.ActiveCfg = Release|Any CPU
		{CF710D4E-C638-47B2-BB6F-2D02D761D708}.Release|Any CPU.Build.0 = Release|Any CPU
		{CF710D4E-C638-47B2-BB6F-2D02D761D708}.Release|x86.ActiveCfg = Release|Any CPU
		{CF710D4E-C638-47B2-BB6F-2D02D761D708}.Release|x86.Build.0 = Release|Any CPU
		{583A7B0C-E488-4328-B2CC-96CC0CB6CBA1}.Debug|Any CPU.ActiveCfg = Debug|Any CPU
		{583A7B0C-E488-4328-B2CC-96CC0CB6CBA1}.Debug|Any CPU.Build.0 = Debug|Any CPU
		{583A7B0C-E488-4328-B2CC-96CC0CB6CBA1}.Debug|x86.ActiveCfg = Debug|Any CPU
		{583A7B0C-E488-4328-B2CC-96CC0CB6CBA1}.Debug|x86.Build.0 = Debug|Any CPU
		{583A7B0C-E488-4328-B2CC-96CC0CB6CBA1}.Release|Any CPU.ActiveCfg = Release|Any CPU
		{583A7B0C-E488-4328-B2CC-96CC0CB6CBA1}.Release|Any CPU.Build.0 = Release|Any CPU
		{583A7B0C-E488-4328-B2CC-96CC0CB6CBA1}.Release|x86.ActiveCfg = Release|Any CPU
		{583A7B0C-E488-4328-B2CC-96CC0CB6CBA1}.Release|x86.Build.0 = Release|Any CPU
	EndGlobalSection
	GlobalSection(SolutionProperties) = preSolution
		HideSolutionNode = FALSE
	EndGlobalSection
	GlobalSection(ExtensibilityGlobals) = postSolution
		SolutionGuid = {6F5811EC-0254-4AAA-BE1C-3BB35ADB047F}
	EndGlobalSection
EndGlobal
